// !$*UTF8*$!
{
	archiveVersion = 1;
	classes = {
	};
	objectVersion = 56;
	objects = {

/* Begin PBXBuildFile section */
		CE2B97A32CC0913300FF532F /* AppDelegate.swift in Sources */ = {isa = PBXBuildFile; fileRef = CE2B97A22CC0913300FF532F /* AppDelegate.swift */; };
		CE2B97A52CC0913300FF532F /* SceneDelegate.swift in Sources */ = {isa = PBXBuildFile; fileRef = CE2B97A42CC0913300FF532F /* SceneDelegate.swift */; };
		CE2B97AC2CC0913500FF532F /* Assets.xcassets in Resources */ = {isa = PBXBuildFile; fileRef = CE2B97AB2CC0913500FF532F /* Assets.xcassets */; };
		CE2B97AF2CC0913500FF532F /* Base in Resources */ = {isa = PBXBuildFile; fileRef = CE2B97AE2CC0913500FF532F /* Base */; };
		CE2B97B82CC0F5BA00FF532F /* FirebaseAuth in Frameworks */ = {isa = PBXBuildFile; productRef = CE2B97B72CC0F5BA00FF532F /* FirebaseAuth */; };
		CE2B97BA2CC0F5BA00FF532F /* FirebaseFirestore in Frameworks */ = {isa = PBXBuildFile; productRef = CE2B97B92CC0F5BA00FF532F /* FirebaseFirestore */; };
		CE2B97BC2CC0F5BA00FF532F /* FirebaseStorage in Frameworks */ = {isa = PBXBuildFile; productRef = CE2B97BB2CC0F5BA00FF532F /* FirebaseStorage */; };
		CE2B97C12CC0F9EB00FF532F /* GoogleSignIn in Frameworks */ = {isa = PBXBuildFile; productRef = CE2B97C02CC0F9EB00FF532F /* GoogleSignIn */; };
		CE2B97C32CC0F9EB00FF532F /* GoogleSignInSwift in Frameworks */ = {isa = PBXBuildFile; productRef = CE2B97C22CC0F9EB00FF532F /* GoogleSignInSwift */; };
		CE2B97C72CC0FADF00FF532F /* GoogleService-Info.plist in Resources */ = {isa = PBXBuildFile; fileRef = CE2B97C62CC0FADF00FF532F /* GoogleService-Info.plist */; };
		CE2B97CA2CC0FF7900FF532F /* KakaoSDK in Frameworks */ = {isa = PBXBuildFile; productRef = CE2B97C92CC0FF7900FF532F /* KakaoSDK */; };
		CE2B97CC2CC0FF7900FF532F /* KakaoSDKAuth in Frameworks */ = {isa = PBXBuildFile; productRef = CE2B97CB2CC0FF7900FF532F /* KakaoSDKAuth */; };
		CE2B97CE2CC0FF7900FF532F /* KakaoSDKUser in Frameworks */ = {isa = PBXBuildFile; productRef = CE2B97CD2CC0FF7900FF532F /* KakaoSDKUser */; };
		CE2B97D32CC6238B00FF532F /* MainTabBarController.swift in Sources */ = {isa = PBXBuildFile; fileRef = CE2B97D22CC6238B00FF532F /* MainTabBarController.swift */; };
		CE2B97D52CC623A100FF532F /* MapViewController.swift in Sources */ = {isa = PBXBuildFile; fileRef = CE2B97D42CC623A100FF532F /* MapViewController.swift */; };
		CE7AA4E82CDC969B00EF4563 /* ProfileUseCase.swift in Sources */ = {isa = PBXBuildFile; fileRef = CE7AA4E72CDC969B00EF4563 /* ProfileUseCase.swift */; };
		CE7AA4EA2CDCA27400EF4563 /* ProfileRepository.swift in Sources */ = {isa = PBXBuildFile; fileRef = CE7AA4E92CDCA27400EF4563 /* ProfileRepository.swift */; };
		CE7AA4EC2CDCA2B100EF4563 /* ProfileViewModel.swift in Sources */ = {isa = PBXBuildFile; fileRef = CE7AA4EB2CDCA2B100EF4563 /* ProfileViewModel.swift */; };
		CE7AA4EE2CDCA2D000EF4563 /* ProfileViewController.swift in Sources */ = {isa = PBXBuildFile; fileRef = CE7AA4ED2CDCA2D000EF4563 /* ProfileViewController.swift */; };
		CE7AA4F02CDCA47100EF4563 /* DefaultProfileRepository.swift in Sources */ = {isa = PBXBuildFile; fileRef = CE7AA4EF2CDCA47100EF4563 /* DefaultProfileRepository.swift */; };
		CE90B62C2CD0725F00B5FB7F /* RideInfo.swift in Sources */ = {isa = PBXBuildFile; fileRef = CE90B62B2CD0725F00B5FB7F /* RideInfo.swift */; };
		CE90B62E2CD0727E00B5FB7F /* RideAnnotation.swift in Sources */ = {isa = PBXBuildFile; fileRef = CE90B62D2CD0727E00B5FB7F /* RideAnnotation.swift */; };
		CED42A7D2CE1ECED00A7AE7E /* DefaultNicknameRepository.swift in Sources */ = {isa = PBXBuildFile; fileRef = CED42A7C2CE1ECED00A7AE7E /* DefaultNicknameRepository.swift */; };
		CED42A802CE1ED4900A7AE7E /* NicknameViewModel.swift in Sources */ = {isa = PBXBuildFile; fileRef = CED42A7F2CE1ED4900A7AE7E /* NicknameViewModel.swift */; };
		CED42A822CE1ED5500A7AE7E /* NicknameViewController.swift in Sources */ = {isa = PBXBuildFile; fileRef = CED42A812CE1ED5500A7AE7E /* NicknameViewController.swift */; };
		CED42A842CE1EF5B00A7AE7E /* NicknameUseCase.swift in Sources */ = {isa = PBXBuildFile; fileRef = CED42A832CE1EF5B00A7AE7E /* NicknameUseCase.swift */; };
		CED42A862CE1EFC200A7AE7E /* NicknameRepository.swift in Sources */ = {isa = PBXBuildFile; fileRef = CED42A852CE1EFC200A7AE7E /* NicknameRepository.swift */; };
		CEDF138C2CD46ADD0090D9CE /* FirebasePlaygroundService.swift in Sources */ = {isa = PBXBuildFile; fileRef = CEDF138B2CD46ADD0090D9CE /* FirebasePlaygroundService.swift */; };
		CEDF13922CD861750090D9CE /* RideCategory.swift in Sources */ = {isa = PBXBuildFile; fileRef = CEDF13912CD861740090D9CE /* RideCategory.swift */; };
		CEDF13942CD861960090D9CE /* CategoryCell.swift in Sources */ = {isa = PBXBuildFile; fileRef = CEDF13932CD861960090D9CE /* CategoryCell.swift */; };
		CEDF13962CD8B2E00090D9CE /* PlaygroundItem.swift in Sources */ = {isa = PBXBuildFile; fileRef = CEDF13952CD8B2DF0090D9CE /* PlaygroundItem.swift */; };
		CEDF13982CD8B3260090D9CE /* PlaygroundCell.swift in Sources */ = {isa = PBXBuildFile; fileRef = CEDF13972CD8B3260090D9CE /* PlaygroundCell.swift */; };
		CEDF139C2CD9B0410090D9CE /* RideDetailView.swift in Sources */ = {isa = PBXBuildFile; fileRef = CEDF139B2CD9B0410090D9CE /* RideDetailView.swift */; };
		CEDF139E2CD9B04A0090D9CE /* BottomSheetView.swift in Sources */ = {isa = PBXBuildFile; fileRef = CEDF139D2CD9B04A0090D9CE /* BottomSheetView.swift */; };
		CEDF13AF2CD9F63B0090D9CE /* User.swift in Sources */ = {isa = PBXBuildFile; fileRef = CEDF13AE2CD9F63B0090D9CE /* User.swift */; };
		CEDF13B22CD9F66D0090D9CE /* SignInUseCase.swift in Sources */ = {isa = PBXBuildFile; fileRef = CEDF13B12CD9F66D0090D9CE /* SignInUseCase.swift */; };
		CEDF13B52CD9F6B50090D9CE /* RxCocoa in Frameworks */ = {isa = PBXBuildFile; productRef = CEDF13B42CD9F6B50090D9CE /* RxCocoa */; };
		CEDF13B72CD9F6B50090D9CE /* RxSwift in Frameworks */ = {isa = PBXBuildFile; productRef = CEDF13B62CD9F6B50090D9CE /* RxSwift */; };
		CEDF13BA2CD9F75B0090D9CE /* AuthenticationRepository.swift in Sources */ = {isa = PBXBuildFile; fileRef = CEDF13B92CD9F75B0090D9CE /* AuthenticationRepository.swift */; };
		CEDF13BD2CD9F7B10090D9CE /* DefaultAuthenticationRepository.swift in Sources */ = {isa = PBXBuildFile; fileRef = CEDF13BC2CD9F7B10090D9CE /* DefaultAuthenticationRepository.swift */; };
		CEDF13C12CD9FA510090D9CE /* LoginViewModel.swift in Sources */ = {isa = PBXBuildFile; fileRef = CEDF13C02CD9FA510090D9CE /* LoginViewModel.swift */; };
		CEDF13C52CDA03C00090D9CE /* LoginViewController.swift in Sources */ = {isa = PBXBuildFile; fileRef = CEDF13C42CDA03C00090D9CE /* LoginViewController.swift */; };
		CEDF13C82CDA04710090D9CE /* AppDIContainer.swift in Sources */ = {isa = PBXBuildFile; fileRef = CEDF13C72CDA04710090D9CE /* AppDIContainer.swift */; };
		CEDF13CA2CDA07E10090D9CE /* AppCoordinator.swift in Sources */ = {isa = PBXBuildFile; fileRef = CEDF13C92CDA07E10090D9CE /* AppCoordinator.swift */; };
		CEDF13CD2CDA084B0090D9CE /* FirebaseAuthService.swift in Sources */ = {isa = PBXBuildFile; fileRef = CEDF13CC2CDA084B0090D9CE /* FirebaseAuthService.swift */; };
		CEDF13D02CDA08B20090D9CE /* UserDTO.swift in Sources */ = {isa = PBXBuildFile; fileRef = CEDF13CF2CDA08B20090D9CE /* UserDTO.swift */; };
		CEDF13D32CDC57730090D9CE /* MainTabCoordinator.swift in Sources */ = {isa = PBXBuildFile; fileRef = CEDF13D22CDC57730090D9CE /* MainTabCoordinator.swift */; };
		CEDF13D52CDC579C0090D9CE /* MainTabBarViewModel.swift in Sources */ = {isa = PBXBuildFile; fileRef = CEDF13D42CDC579C0090D9CE /* MainTabBarViewModel.swift */; };
/* End PBXBuildFile section */

/* Begin PBXFileReference section */
		CE2B979F2CC0913300FF532F /* zSwing.app */ = {isa = PBXFileReference; explicitFileType = wrapper.application; includeInIndex = 0; path = zSwing.app; sourceTree = BUILT_PRODUCTS_DIR; };
		CE2B97A22CC0913300FF532F /* AppDelegate.swift */ = {isa = PBXFileReference; lastKnownFileType = sourcecode.swift; path = AppDelegate.swift; sourceTree = "<group>"; };
		CE2B97A42CC0913300FF532F /* SceneDelegate.swift */ = {isa = PBXFileReference; lastKnownFileType = sourcecode.swift; path = SceneDelegate.swift; sourceTree = "<group>"; };
		CE2B97AB2CC0913500FF532F /* Assets.xcassets */ = {isa = PBXFileReference; lastKnownFileType = folder.assetcatalog; path = Assets.xcassets; sourceTree = "<group>"; };
		CE2B97AE2CC0913500FF532F /* Base */ = {isa = PBXFileReference; lastKnownFileType = file.storyboard; name = Base; path = Base.lproj/LaunchScreen.storyboard; sourceTree = "<group>"; };
		CE2B97B02CC0913500FF532F /* Info.plist */ = {isa = PBXFileReference; lastKnownFileType = text.plist.xml; path = Info.plist; sourceTree = "<group>"; };
		CE2B97C62CC0FADF00FF532F /* GoogleService-Info.plist */ = {isa = PBXFileReference; fileEncoding = 4; lastKnownFileType = text.plist.xml; path = "GoogleService-Info.plist"; sourceTree = "<group>"; };
		CE2B97CF2CC5D35600FF532F /* zSwing.entitlements */ = {isa = PBXFileReference; lastKnownFileType = text.plist.entitlements; path = zSwing.entitlements; sourceTree = "<group>"; };
		CE2B97D22CC6238B00FF532F /* MainTabBarController.swift */ = {isa = PBXFileReference; lastKnownFileType = sourcecode.swift; path = MainTabBarController.swift; sourceTree = "<group>"; };
		CE2B97D42CC623A100FF532F /* MapViewController.swift */ = {isa = PBXFileReference; lastKnownFileType = sourcecode.swift; path = MapViewController.swift; sourceTree = "<group>"; };
		CE7AA4E72CDC969B00EF4563 /* ProfileUseCase.swift */ = {isa = PBXFileReference; lastKnownFileType = sourcecode.swift; path = ProfileUseCase.swift; sourceTree = "<group>"; };
		CE7AA4E92CDCA27400EF4563 /* ProfileRepository.swift */ = {isa = PBXFileReference; lastKnownFileType = sourcecode.swift; path = ProfileRepository.swift; sourceTree = "<group>"; };
		CE7AA4EB2CDCA2B100EF4563 /* ProfileViewModel.swift */ = {isa = PBXFileReference; lastKnownFileType = sourcecode.swift; name = ProfileViewModel.swift; path = zSwing/Presentation/Profile/ProfileViewModel.swift; sourceTree = SOURCE_ROOT; };
		CE7AA4ED2CDCA2D000EF4563 /* ProfileViewController.swift */ = {isa = PBXFileReference; lastKnownFileType = sourcecode.swift; name = ProfileViewController.swift; path = zSwing/Presentation/Profile/ProfileViewController.swift; sourceTree = SOURCE_ROOT; };
		CE7AA4EF2CDCA47100EF4563 /* DefaultProfileRepository.swift */ = {isa = PBXFileReference; lastKnownFileType = sourcecode.swift; path = DefaultProfileRepository.swift; sourceTree = "<group>"; };
		CE90B62B2CD0725F00B5FB7F /* RideInfo.swift */ = {isa = PBXFileReference; lastKnownFileType = sourcecode.swift; path = RideInfo.swift; sourceTree = "<group>"; };
		CE90B62D2CD0727E00B5FB7F /* RideAnnotation.swift */ = {isa = PBXFileReference; lastKnownFileType = sourcecode.swift; path = RideAnnotation.swift; sourceTree = "<group>"; };
		CED42A7C2CE1ECED00A7AE7E /* DefaultNicknameRepository.swift */ = {isa = PBXFileReference; lastKnownFileType = sourcecode.swift; path = DefaultNicknameRepository.swift; sourceTree = "<group>"; };
		CED42A7F2CE1ED4900A7AE7E /* NicknameViewModel.swift */ = {isa = PBXFileReference; lastKnownFileType = sourcecode.swift; path = NicknameViewModel.swift; sourceTree = "<group>"; };
		CED42A812CE1ED5500A7AE7E /* NicknameViewController.swift */ = {isa = PBXFileReference; lastKnownFileType = sourcecode.swift; path = NicknameViewController.swift; sourceTree = "<group>"; };
		CED42A832CE1EF5B00A7AE7E /* NicknameUseCase.swift */ = {isa = PBXFileReference; lastKnownFileType = sourcecode.swift; path = NicknameUseCase.swift; sourceTree = "<group>"; };
		CED42A852CE1EFC200A7AE7E /* NicknameRepository.swift */ = {isa = PBXFileReference; lastKnownFileType = sourcecode.swift; path = NicknameRepository.swift; sourceTree = "<group>"; };
		CEDF138B2CD46ADD0090D9CE /* FirebasePlaygroundService.swift */ = {isa = PBXFileReference; lastKnownFileType = sourcecode.swift; path = FirebasePlaygroundService.swift; sourceTree = "<group>"; };
		CEDF13912CD861740090D9CE /* RideCategory.swift */ = {isa = PBXFileReference; lastKnownFileType = sourcecode.swift; path = RideCategory.swift; sourceTree = "<group>"; };
		CEDF13932CD861960090D9CE /* CategoryCell.swift */ = {isa = PBXFileReference; lastKnownFileType = sourcecode.swift; path = CategoryCell.swift; sourceTree = "<group>"; };
		CEDF13952CD8B2DF0090D9CE /* PlaygroundItem.swift */ = {isa = PBXFileReference; lastKnownFileType = sourcecode.swift; path = PlaygroundItem.swift; sourceTree = "<group>"; };
		CEDF13972CD8B3260090D9CE /* PlaygroundCell.swift */ = {isa = PBXFileReference; lastKnownFileType = sourcecode.swift; path = PlaygroundCell.swift; sourceTree = "<group>"; };
		CEDF139B2CD9B0410090D9CE /* RideDetailView.swift */ = {isa = PBXFileReference; lastKnownFileType = sourcecode.swift; path = RideDetailView.swift; sourceTree = "<group>"; };
		CEDF139D2CD9B04A0090D9CE /* BottomSheetView.swift */ = {isa = PBXFileReference; lastKnownFileType = sourcecode.swift; path = BottomSheetView.swift; sourceTree = "<group>"; };
		CEDF13AE2CD9F63B0090D9CE /* User.swift */ = {isa = PBXFileReference; lastKnownFileType = sourcecode.swift; path = User.swift; sourceTree = "<group>"; };
		CEDF13B12CD9F66D0090D9CE /* SignInUseCase.swift */ = {isa = PBXFileReference; lastKnownFileType = sourcecode.swift; path = SignInUseCase.swift; sourceTree = "<group>"; };
		CEDF13B92CD9F75B0090D9CE /* AuthenticationRepository.swift */ = {isa = PBXFileReference; lastKnownFileType = sourcecode.swift; path = AuthenticationRepository.swift; sourceTree = "<group>"; };
		CEDF13BC2CD9F7B10090D9CE /* DefaultAuthenticationRepository.swift */ = {isa = PBXFileReference; lastKnownFileType = sourcecode.swift; path = DefaultAuthenticationRepository.swift; sourceTree = "<group>"; };
		CEDF13C02CD9FA510090D9CE /* LoginViewModel.swift */ = {isa = PBXFileReference; lastKnownFileType = sourcecode.swift; path = LoginViewModel.swift; sourceTree = "<group>"; };
		CEDF13C42CDA03C00090D9CE /* LoginViewController.swift */ = {isa = PBXFileReference; lastKnownFileType = sourcecode.swift; path = LoginViewController.swift; sourceTree = "<group>"; };
		CEDF13C72CDA04710090D9CE /* AppDIContainer.swift */ = {isa = PBXFileReference; lastKnownFileType = sourcecode.swift; path = AppDIContainer.swift; sourceTree = "<group>"; };
		CEDF13C92CDA07E10090D9CE /* AppCoordinator.swift */ = {isa = PBXFileReference; lastKnownFileType = sourcecode.swift; path = AppCoordinator.swift; sourceTree = "<group>"; };
		CEDF13CC2CDA084B0090D9CE /* FirebaseAuthService.swift */ = {isa = PBXFileReference; lastKnownFileType = sourcecode.swift; path = FirebaseAuthService.swift; sourceTree = "<group>"; };
		CEDF13CF2CDA08B20090D9CE /* UserDTO.swift */ = {isa = PBXFileReference; lastKnownFileType = sourcecode.swift; path = UserDTO.swift; sourceTree = "<group>"; };
		CEDF13D22CDC57730090D9CE /* MainTabCoordinator.swift */ = {isa = PBXFileReference; lastKnownFileType = sourcecode.swift; path = MainTabCoordinator.swift; sourceTree = "<group>"; };
		CEDF13D42CDC579C0090D9CE /* MainTabBarViewModel.swift */ = {isa = PBXFileReference; lastKnownFileType = sourcecode.swift; path = MainTabBarViewModel.swift; sourceTree = "<group>"; };
/* End PBXFileReference section */

/* Begin PBXFrameworksBuildPhase section */
		CE2B979C2CC0913300FF532F /* Frameworks */ = {
			isa = PBXFrameworksBuildPhase;
			buildActionMask = 2147483647;
			files = (
				CEDF13B52CD9F6B50090D9CE /* RxCocoa in Frameworks */,
				CE2B97CC2CC0FF7900FF532F /* KakaoSDKAuth in Frameworks */,
				CEDF13B72CD9F6B50090D9CE /* RxSwift in Frameworks */,
				CE2B97C32CC0F9EB00FF532F /* GoogleSignInSwift in Frameworks */,
				CE2B97B82CC0F5BA00FF532F /* FirebaseAuth in Frameworks */,
				CE2B97C12CC0F9EB00FF532F /* GoogleSignIn in Frameworks */,
				CE2B97CE2CC0FF7900FF532F /* KakaoSDKUser in Frameworks */,
				CE2B97BA2CC0F5BA00FF532F /* FirebaseFirestore in Frameworks */,
				CE2B97BC2CC0F5BA00FF532F /* FirebaseStorage in Frameworks */,
				CE2B97CA2CC0FF7900FF532F /* KakaoSDK in Frameworks */,
			);
			runOnlyForDeploymentPostprocessing = 0;
		};
/* End PBXFrameworksBuildPhase section */

/* Begin PBXGroup section */
		CE2B97962CC0913300FF532F = {
			isa = PBXGroup;
			children = (
				CE2B97A12CC0913300FF532F /* zSwing */,
				CE2B97A02CC0913300FF532F /* Products */,
			);
			sourceTree = "<group>";
		};
		CE2B97A02CC0913300FF532F /* Products */ = {
			isa = PBXGroup;
			children = (
				CE2B979F2CC0913300FF532F /* zSwing.app */,
			);
			name = Products;
			sourceTree = "<group>";
		};
		CE2B97A12CC0913300FF532F /* zSwing */ = {
			isa = PBXGroup;
			children = (
				CEDF13A72CD9ECB10090D9CE /* App */,
				CEDF13A92CD9ED020090D9CE /* Domain */,
				CEDF13AA2CD9F2680090D9CE /* Data */,
				CEDF13AB2CD9F2760090D9CE /* Presentation */,
				CEDF13AC2CD9F2830090D9CE /* Resources */,
				CE2B97CF2CC5D35600FF532F /* zSwing.entitlements */,
				CE2B97B02CC0913500FF532F /* Info.plist */,
				CE2B97C62CC0FADF00FF532F /* GoogleService-Info.plist */,
				CE2B97D42CC623A100FF532F /* MapViewController.swift */,
				CE90B62B2CD0725F00B5FB7F /* RideInfo.swift */,
				CE90B62D2CD0727E00B5FB7F /* RideAnnotation.swift */,
				CEDF138B2CD46ADD0090D9CE /* FirebasePlaygroundService.swift */,
				CEDF13912CD861740090D9CE /* RideCategory.swift */,
				CEDF13932CD861960090D9CE /* CategoryCell.swift */,
				CEDF13952CD8B2DF0090D9CE /* PlaygroundItem.swift */,
				CEDF13972CD8B3260090D9CE /* PlaygroundCell.swift */,
				CEDF139D2CD9B04A0090D9CE /* BottomSheetView.swift */,
				CEDF139B2CD9B0410090D9CE /* RideDetailView.swift */,
			);
			path = zSwing;
			sourceTree = "<group>";
		};
		CED42A7E2CE1ED3400A7AE7E /* Nickname */ = {
			isa = PBXGroup;
			children = (
				CED42A7F2CE1ED4900A7AE7E /* NicknameViewModel.swift */,
				CED42A812CE1ED5500A7AE7E /* NicknameViewController.swift */,
			);
			path = Nickname;
			sourceTree = "<group>";
		};
		CEDF13A72CD9ECB10090D9CE /* App */ = {
			isa = PBXGroup;
			children = (
				CE2B97A22CC0913300FF532F /* AppDelegate.swift */,
				CE2B97A42CC0913300FF532F /* SceneDelegate.swift */,
				CEDF13C92CDA07E10090D9CE /* AppCoordinator.swift */,
				CEDF13C72CDA04710090D9CE /* AppDIContainer.swift */,
			);
			path = App;
			sourceTree = "<group>";
		};
		CEDF13A92CD9ED020090D9CE /* Domain */ = {
			isa = PBXGroup;
			children = (
				CEDF13AD2CD9F62D0090D9CE /* Entities */,
				CEDF13B02CD9F6520090D9CE /* UserCases */,
				CEDF13B82CD9F7100090D9CE /* Repositories */,
			);
			path = Domain;
			sourceTree = "<group>";
		};
		CEDF13AA2CD9F2680090D9CE /* Data */ = {
			isa = PBXGroup;
			children = (
				CEDF13CE2CDA08A60090D9CE /* DTOs */,
				CEDF13CB2CDA08380090D9CE /* Services */,
				CEDF13BB2CD9F79F0090D9CE /* Repositories */,
			);
			path = Data;
			sourceTree = "<group>";
		};
		CEDF13AB2CD9F2760090D9CE /* Presentation */ = {
			isa = PBXGroup;
			children = (
				CEDF13D12CDC57590090D9CE /* MainTab */,
				CEDF13D62CDC5BE20090D9CE /* Home */,
				CEDF13BE2CD9FA3C0090D9CE /* Login */,
				CED42A7E2CE1ED3400A7AE7E /* Nickname */,
				CEDF13D72CDC5BEF0090D9CE /* Profile */,
			);
			path = Presentation;
			sourceTree = "<group>";
		};
		CEDF13AC2CD9F2830090D9CE /* Resources */ = {
			isa = PBXGroup;
			children = (
				CE2B97AB2CC0913500FF532F /* Assets.xcassets */,
				CE2B97AD2CC0913500FF532F /* LaunchScreen.storyboard */,
			);
			path = Resources;
			sourceTree = "<group>";
		};
		CEDF13AD2CD9F62D0090D9CE /* Entities */ = {
			isa = PBXGroup;
			children = (
				CEDF13AE2CD9F63B0090D9CE /* User.swift */,
			);
			path = Entities;
			sourceTree = "<group>";
		};
		CEDF13B02CD9F6520090D9CE /* UserCases */ = {
			isa = PBXGroup;
			children = (
				CEDF13B12CD9F66D0090D9CE /* SignInUseCase.swift */,
				CE7AA4E72CDC969B00EF4563 /* ProfileUseCase.swift */,
				CED42A832CE1EF5B00A7AE7E /* NicknameUseCase.swift */,
			);
			path = UserCases;
			sourceTree = "<group>";
		};
		CEDF13B82CD9F7100090D9CE /* Repositories */ = {
			isa = PBXGroup;
			children = (
				CEDF13B92CD9F75B0090D9CE /* AuthenticationRepository.swift */,
				CE7AA4E92CDCA27400EF4563 /* ProfileRepository.swift */,
				CED42A852CE1EFC200A7AE7E /* NicknameRepository.swift */,
			);
			path = Repositories;
			sourceTree = "<group>";
		};
		CEDF13BB2CD9F79F0090D9CE /* Repositories */ = {
			isa = PBXGroup;
			children = (
				CEDF13BC2CD9F7B10090D9CE /* DefaultAuthenticationRepository.swift */,
				CE7AA4EF2CDCA47100EF4563 /* DefaultProfileRepository.swift */,
				CED42A7C2CE1ECED00A7AE7E /* DefaultNicknameRepository.swift */,
			);
			path = Repositories;
			sourceTree = "<group>";
		};
		CEDF13BE2CD9FA3C0090D9CE /* Login */ = {
			isa = PBXGroup;
			children = (
				CEDF13C42CDA03C00090D9CE /* LoginViewController.swift */,
				CEDF13C02CD9FA510090D9CE /* LoginViewModel.swift */,
			);
			path = Login;
			sourceTree = "<group>";
		};
		CEDF13CB2CDA08380090D9CE /* Services */ = {
			isa = PBXGroup;
			children = (
				CEDF13CC2CDA084B0090D9CE /* FirebaseAuthService.swift */,
			);
			path = Services;
			sourceTree = "<group>";
		};
		CEDF13CE2CDA08A60090D9CE /* DTOs */ = {
			isa = PBXGroup;
			children = (
				CEDF13CF2CDA08B20090D9CE /* UserDTO.swift */,
			);
			path = DTOs;
			sourceTree = "<group>";
		};
		CEDF13D12CDC57590090D9CE /* MainTab */ = {
			isa = PBXGroup;
			children = (
				CEDF13D22CDC57730090D9CE /* MainTabCoordinator.swift */,
				CEDF13D42CDC579C0090D9CE /* MainTabBarViewModel.swift */,
				CE2B97D22CC6238B00FF532F /* MainTabBarController.swift */,
			);
			path = MainTab;
			sourceTree = "<group>";
		};
		CEDF13D62CDC5BE20090D9CE /* Home */ = {
			isa = PBXGroup;
			children = (
			);
			path = Home;
			sourceTree = "<group>";
		};
		CEDF13D72CDC5BEF0090D9CE /* Profile */ = {
			isa = PBXGroup;
			children = (
				CE7AA4EB2CDCA2B100EF4563 /* ProfileViewModel.swift */,
				CE7AA4ED2CDCA2D000EF4563 /* ProfileViewController.swift */,
			);
			path = Profile;
			sourceTree = "<group>";
		};
/* End PBXGroup section */

/* Begin PBXNativeTarget section */
		CE2B979E2CC0913300FF532F /* zSwing */ = {
			isa = PBXNativeTarget;
			buildConfigurationList = CE2B97B32CC0913500FF532F /* Build configuration list for PBXNativeTarget "zSwing" */;
			buildPhases = (
				CE2B979B2CC0913300FF532F /* Sources */,
				CE2B979C2CC0913300FF532F /* Frameworks */,
				CE2B979D2CC0913300FF532F /* Resources */,
			);
			buildRules = (
			);
			dependencies = (
			);
			name = zSwing;
			packageProductDependencies = (
				CE2B97B72CC0F5BA00FF532F /* FirebaseAuth */,
				CE2B97B92CC0F5BA00FF532F /* FirebaseFirestore */,
				CE2B97BB2CC0F5BA00FF532F /* FirebaseStorage */,
				CE2B97C02CC0F9EB00FF532F /* GoogleSignIn */,
				CE2B97C22CC0F9EB00FF532F /* GoogleSignInSwift */,
				CE2B97C92CC0FF7900FF532F /* KakaoSDK */,
				CE2B97CB2CC0FF7900FF532F /* KakaoSDKAuth */,
				CE2B97CD2CC0FF7900FF532F /* KakaoSDKUser */,
				CEDF13B42CD9F6B50090D9CE /* RxCocoa */,
				CEDF13B62CD9F6B50090D9CE /* RxSwift */,
			);
			productName = zSwing;
			productReference = CE2B979F2CC0913300FF532F /* zSwing.app */;
			productType = "com.apple.product-type.application";
		};
/* End PBXNativeTarget section */

/* Begin PBXProject section */
		CE2B97972CC0913300FF532F /* Project object */ = {
			isa = PBXProject;
			attributes = {
				BuildIndependentTargetsInParallel = 1;
				LastSwiftUpdateCheck = 1540;
				LastUpgradeCheck = 1540;
				TargetAttributes = {
					CE2B979E2CC0913300FF532F = {
						CreatedOnToolsVersion = 15.4;
					};
				};
			};
			buildConfigurationList = CE2B979A2CC0913300FF532F /* Build configuration list for PBXProject "zSwing" */;
			compatibilityVersion = "Xcode 14.0";
			developmentRegion = en;
			hasScannedForEncodings = 0;
			knownRegions = (
				en,
				Base,
			);
			mainGroup = CE2B97962CC0913300FF532F;
			packageReferences = (
				CE2B97B62CC0F5BA00FF532F /* XCRemoteSwiftPackageReference "firebase-ios-sdk" */,
				CE2B97BF2CC0F9EB00FF532F /* XCRemoteSwiftPackageReference "GoogleSignIn-iOS" */,
				CE2B97C82CC0FF7900FF532F /* XCRemoteSwiftPackageReference "kakao-ios-sdk" */,
				CEDF13B32CD9F6B50090D9CE /* XCRemoteSwiftPackageReference "RxSwift" */,
			);
			productRefGroup = CE2B97A02CC0913300FF532F /* Products */;
			projectDirPath = "";
			projectRoot = "";
			targets = (
				CE2B979E2CC0913300FF532F /* zSwing */,
			);
		};
/* End PBXProject section */

/* Begin PBXResourcesBuildPhase section */
		CE2B979D2CC0913300FF532F /* Resources */ = {
			isa = PBXResourcesBuildPhase;
			buildActionMask = 2147483647;
			files = (
				CE2B97AC2CC0913500FF532F /* Assets.xcassets in Resources */,
				CE2B97AF2CC0913500FF532F /* Base in Resources */,
				CE2B97C72CC0FADF00FF532F /* GoogleService-Info.plist in Resources */,
			);
			runOnlyForDeploymentPostprocessing = 0;
		};
/* End PBXResourcesBuildPhase section */

/* Begin PBXSourcesBuildPhase section */
		CE2B979B2CC0913300FF532F /* Sources */ = {
			isa = PBXSourcesBuildPhase;
			buildActionMask = 2147483647;
			files = (
				CEDF13962CD8B2E00090D9CE /* PlaygroundItem.swift in Sources */,
				CE90B62E2CD0727E00B5FB7F /* RideAnnotation.swift in Sources */,
				CEDF13CA2CDA07E10090D9CE /* AppCoordinator.swift in Sources */,
				CEDF13C12CD9FA510090D9CE /* LoginViewModel.swift in Sources */,
				CEDF13C52CDA03C00090D9CE /* LoginViewController.swift in Sources */,
				CE7AA4EE2CDCA2D000EF4563 /* ProfileViewController.swift in Sources */,
				CEDF13CD2CDA084B0090D9CE /* FirebaseAuthService.swift in Sources */,
				CE2B97D52CC623A100FF532F /* MapViewController.swift in Sources */,
				CE7AA4F02CDCA47100EF4563 /* DefaultProfileRepository.swift in Sources */,
				CEDF13D52CDC579C0090D9CE /* MainTabBarViewModel.swift in Sources */,
				CEDF13B22CD9F66D0090D9CE /* SignInUseCase.swift in Sources */,
				CEDF13982CD8B3260090D9CE /* PlaygroundCell.swift in Sources */,
				CEDF13C82CDA04710090D9CE /* AppDIContainer.swift in Sources */,
				CEDF13D32CDC57730090D9CE /* MainTabCoordinator.swift in Sources */,
				CEDF13942CD861960090D9CE /* CategoryCell.swift in Sources */,
				CED42A822CE1ED5500A7AE7E /* NicknameViewController.swift in Sources */,
				CE7AA4EC2CDCA2B100EF4563 /* ProfileViewModel.swift in Sources */,
				CED42A802CE1ED4900A7AE7E /* NicknameViewModel.swift in Sources */,
				CEDF139C2CD9B0410090D9CE /* RideDetailView.swift in Sources */,
				CEDF13D02CDA08B20090D9CE /* UserDTO.swift in Sources */,
				CE2B97D32CC6238B00FF532F /* MainTabBarController.swift in Sources */,
				CE7AA4E82CDC969B00EF4563 /* ProfileUseCase.swift in Sources */,
				CE7AA4EA2CDCA27400EF4563 /* ProfileRepository.swift in Sources */,
				CEDF139E2CD9B04A0090D9CE /* BottomSheetView.swift in Sources */,
				CE2B97A32CC0913300FF532F /* AppDelegate.swift in Sources */,
				CED42A862CE1EFC200A7AE7E /* NicknameRepository.swift in Sources */,
				CEDF13BD2CD9F7B10090D9CE /* DefaultAuthenticationRepository.swift in Sources */,
				CEDF13BA2CD9F75B0090D9CE /* AuthenticationRepository.swift in Sources */,
				CEDF138C2CD46ADD0090D9CE /* FirebasePlaygroundService.swift in Sources */,
				CED42A7D2CE1ECED00A7AE7E /* DefaultNicknameRepository.swift in Sources */,
				CED42A842CE1EF5B00A7AE7E /* NicknameUseCase.swift in Sources */,
				CEDF13AF2CD9F63B0090D9CE /* User.swift in Sources */,
				CE90B62C2CD0725F00B5FB7F /* RideInfo.swift in Sources */,
				CEDF13922CD861750090D9CE /* RideCategory.swift in Sources */,
				CE2B97A52CC0913300FF532F /* SceneDelegate.swift in Sources */,
			);
			runOnlyForDeploymentPostprocessing = 0;
		};
/* End PBXSourcesBuildPhase section */

/* Begin PBXVariantGroup section */
		CE2B97AD2CC0913500FF532F /* LaunchScreen.storyboard */ = {
			isa = PBXVariantGroup;
			children = (
				CE2B97AE2CC0913500FF532F /* Base */,
			);
			name = LaunchScreen.storyboard;
			sourceTree = "<group>";
		};
/* End PBXVariantGroup section */

/* Begin XCBuildConfiguration section */
		CE2B97B12CC0913500FF532F /* Debug */ = {
			isa = XCBuildConfiguration;
			buildSettings = {
				ALWAYS_SEARCH_USER_PATHS = NO;
				ASSETCATALOG_COMPILER_GENERATE_SWIFT_ASSET_SYMBOL_EXTENSIONS = YES;
				CLANG_ANALYZER_NONNULL = YES;
				CLANG_ANALYZER_NUMBER_OBJECT_CONVERSION = YES_AGGRESSIVE;
				CLANG_CXX_LANGUAGE_STANDARD = "gnu++20";
				CLANG_ENABLE_MODULES = YES;
				CLANG_ENABLE_OBJC_ARC = YES;
				CLANG_ENABLE_OBJC_WEAK = YES;
				CLANG_WARN_BLOCK_CAPTURE_AUTORELEASING = YES;
				CLANG_WARN_BOOL_CONVERSION = YES;
				CLANG_WARN_COMMA = YES;
				CLANG_WARN_CONSTANT_CONVERSION = YES;
				CLANG_WARN_DEPRECATED_OBJC_IMPLEMENTATIONS = YES;
				CLANG_WARN_DIRECT_OBJC_ISA_USAGE = YES_ERROR;
				CLANG_WARN_DOCUMENTATION_COMMENTS = YES;
				CLANG_WARN_EMPTY_BODY = YES;
				CLANG_WARN_ENUM_CONVERSION = YES;
				CLANG_WARN_INFINITE_RECURSION = YES;
				CLANG_WARN_INT_CONVERSION = YES;
				CLANG_WARN_NON_LITERAL_NULL_CONVERSION = YES;
				CLANG_WARN_OBJC_IMPLICIT_RETAIN_SELF = YES;
				CLANG_WARN_OBJC_LITERAL_CONVERSION = YES;
				CLANG_WARN_OBJC_ROOT_CLASS = YES_ERROR;
				CLANG_WARN_QUOTED_INCLUDE_IN_FRAMEWORK_HEADER = YES;
				CLANG_WARN_RANGE_LOOP_ANALYSIS = YES;
				CLANG_WARN_STRICT_PROTOTYPES = YES;
				CLANG_WARN_SUSPICIOUS_MOVE = YES;
				CLANG_WARN_UNGUARDED_AVAILABILITY = YES_AGGRESSIVE;
				CLANG_WARN_UNREACHABLE_CODE = YES;
				CLANG_WARN__DUPLICATE_METHOD_MATCH = YES;
				COPY_PHASE_STRIP = NO;
				DEBUG_INFORMATION_FORMAT = dwarf;
				ENABLE_STRICT_OBJC_MSGSEND = YES;
				ENABLE_TESTABILITY = YES;
				ENABLE_USER_SCRIPT_SANDBOXING = YES;
				GCC_C_LANGUAGE_STANDARD = gnu17;
				GCC_DYNAMIC_NO_PIC = NO;
				GCC_NO_COMMON_BLOCKS = YES;
				GCC_OPTIMIZATION_LEVEL = 0;
				GCC_PREPROCESSOR_DEFINITIONS = (
					"DEBUG=1",
					"$(inherited)",
				);
				GCC_WARN_64_TO_32_BIT_CONVERSION = YES;
				GCC_WARN_ABOUT_RETURN_TYPE = YES_ERROR;
				GCC_WARN_UNDECLARED_SELECTOR = YES;
				GCC_WARN_UNINITIALIZED_AUTOS = YES_AGGRESSIVE;
				GCC_WARN_UNUSED_FUNCTION = YES;
				GCC_WARN_UNUSED_VARIABLE = YES;
				IPHONEOS_DEPLOYMENT_TARGET = 16.0;
				LOCALIZATION_PREFERS_STRING_CATALOGS = YES;
				MTL_ENABLE_DEBUG_INFO = INCLUDE_SOURCE;
				MTL_FAST_MATH = YES;
				ONLY_ACTIVE_ARCH = YES;
				SDKROOT = iphoneos;
				SWIFT_ACTIVE_COMPILATION_CONDITIONS = "DEBUG $(inherited)";
				SWIFT_OPTIMIZATION_LEVEL = "-Onone";
			};
			name = Debug;
		};
		CE2B97B22CC0913500FF532F /* Release */ = {
			isa = XCBuildConfiguration;
			buildSettings = {
				ALWAYS_SEARCH_USER_PATHS = NO;
				ASSETCATALOG_COMPILER_GENERATE_SWIFT_ASSET_SYMBOL_EXTENSIONS = YES;
				CLANG_ANALYZER_NONNULL = YES;
				CLANG_ANALYZER_NUMBER_OBJECT_CONVERSION = YES_AGGRESSIVE;
				CLANG_CXX_LANGUAGE_STANDARD = "gnu++20";
				CLANG_ENABLE_MODULES = YES;
				CLANG_ENABLE_OBJC_ARC = YES;
				CLANG_ENABLE_OBJC_WEAK = YES;
				CLANG_WARN_BLOCK_CAPTURE_AUTORELEASING = YES;
				CLANG_WARN_BOOL_CONVERSION = YES;
				CLANG_WARN_COMMA = YES;
				CLANG_WARN_CONSTANT_CONVERSION = YES;
				CLANG_WARN_DEPRECATED_OBJC_IMPLEMENTATIONS = YES;
				CLANG_WARN_DIRECT_OBJC_ISA_USAGE = YES_ERROR;
				CLANG_WARN_DOCUMENTATION_COMMENTS = YES;
				CLANG_WARN_EMPTY_BODY = YES;
				CLANG_WARN_ENUM_CONVERSION = YES;
				CLANG_WARN_INFINITE_RECURSION = YES;
				CLANG_WARN_INT_CONVERSION = YES;
				CLANG_WARN_NON_LITERAL_NULL_CONVERSION = YES;
				CLANG_WARN_OBJC_IMPLICIT_RETAIN_SELF = YES;
				CLANG_WARN_OBJC_LITERAL_CONVERSION = YES;
				CLANG_WARN_OBJC_ROOT_CLASS = YES_ERROR;
				CLANG_WARN_QUOTED_INCLUDE_IN_FRAMEWORK_HEADER = YES;
				CLANG_WARN_RANGE_LOOP_ANALYSIS = YES;
				CLANG_WARN_STRICT_PROTOTYPES = YES;
				CLANG_WARN_SUSPICIOUS_MOVE = YES;
				CLANG_WARN_UNGUARDED_AVAILABILITY = YES_AGGRESSIVE;
				CLANG_WARN_UNREACHABLE_CODE = YES;
				CLANG_WARN__DUPLICATE_METHOD_MATCH = YES;
				COPY_PHASE_STRIP = NO;
				DEBUG_INFORMATION_FORMAT = "dwarf-with-dsym";
				ENABLE_NS_ASSERTIONS = NO;
				ENABLE_STRICT_OBJC_MSGSEND = YES;
				ENABLE_USER_SCRIPT_SANDBOXING = YES;
				GCC_C_LANGUAGE_STANDARD = gnu17;
				GCC_NO_COMMON_BLOCKS = YES;
				GCC_WARN_64_TO_32_BIT_CONVERSION = YES;
				GCC_WARN_ABOUT_RETURN_TYPE = YES_ERROR;
				GCC_WARN_UNDECLARED_SELECTOR = YES;
				GCC_WARN_UNINITIALIZED_AUTOS = YES_AGGRESSIVE;
				GCC_WARN_UNUSED_FUNCTION = YES;
				GCC_WARN_UNUSED_VARIABLE = YES;
				IPHONEOS_DEPLOYMENT_TARGET = 16.0;
				LOCALIZATION_PREFERS_STRING_CATALOGS = YES;
				MTL_ENABLE_DEBUG_INFO = NO;
				MTL_FAST_MATH = YES;
				SDKROOT = iphoneos;
				SWIFT_COMPILATION_MODE = wholemodule;
				VALIDATE_PRODUCT = YES;
			};
			name = Release;
		};
		CE2B97B42CC0913500FF532F /* Debug */ = {
			isa = XCBuildConfiguration;
			buildSettings = {
				ASSETCATALOG_COMPILER_APPICON_NAME = AppIcon;
				ASSETCATALOG_COMPILER_GLOBAL_ACCENT_COLOR_NAME = AccentColor;
				CODE_SIGN_ENTITLEMENTS = zSwing/zSwing.entitlements;
				CODE_SIGN_STYLE = Automatic;
				CURRENT_PROJECT_VERSION = 1;
				DEVELOPMENT_TEAM = XV38VT3FG5;
				GENERATE_INFOPLIST_FILE = YES;
				INFOPLIST_FILE = zSwing/Info.plist;
				INFOPLIST_KEY_UIApplicationSupportsIndirectInputEvents = YES;
				INFOPLIST_KEY_UILaunchStoryboardName = LaunchScreen;
				INFOPLIST_KEY_UISupportedInterfaceOrientations = UIInterfaceOrientationPortrait;
				LD_RUNPATH_SEARCH_PATHS = (
					"$(inherited)",
					"@executable_path/Frameworks",
				);
				MARKETING_VERSION = 1.0;
				PRODUCT_BUNDLE_IDENTIFIER = com.zero.zSwing;
				PRODUCT_NAME = "$(TARGET_NAME)";
				SUPPORTED_PLATFORMS = "iphoneos iphonesimulator";
				SUPPORTS_MACCATALYST = NO;
				SUPPORTS_MAC_DESIGNED_FOR_IPHONE_IPAD = NO;
				SUPPORTS_XR_DESIGNED_FOR_IPHONE_IPAD = NO;
				SWIFT_EMIT_LOC_STRINGS = YES;
				SWIFT_VERSION = 5.0;
				TARGETED_DEVICE_FAMILY = "1,2";
			};
			name = Debug;
		};
		CE2B97B52CC0913500FF532F /* Release */ = {
			isa = XCBuildConfiguration;
			buildSettings = {
				ASSETCATALOG_COMPILER_APPICON_NAME = AppIcon;
				ASSETCATALOG_COMPILER_GLOBAL_ACCENT_COLOR_NAME = AccentColor;
				CODE_SIGN_ENTITLEMENTS = zSwing/zSwing.entitlements;
				CODE_SIGN_STYLE = Automatic;
				CURRENT_PROJECT_VERSION = 1;
				DEVELOPMENT_TEAM = XV38VT3FG5;
				GENERATE_INFOPLIST_FILE = YES;
				INFOPLIST_FILE = zSwing/Info.plist;
				INFOPLIST_KEY_UIApplicationSupportsIndirectInputEvents = YES;
				INFOPLIST_KEY_UILaunchStoryboardName = LaunchScreen;
				INFOPLIST_KEY_UISupportedInterfaceOrientations = UIInterfaceOrientationPortrait;
				LD_RUNPATH_SEARCH_PATHS = (
					"$(inherited)",
					"@executable_path/Frameworks",
				);
				MARKETING_VERSION = 1.0;
				PRODUCT_BUNDLE_IDENTIFIER = com.zero.zSwing;
				PRODUCT_NAME = "$(TARGET_NAME)";
				SUPPORTED_PLATFORMS = "iphoneos iphonesimulator";
				SUPPORTS_MACCATALYST = NO;
				SUPPORTS_MAC_DESIGNED_FOR_IPHONE_IPAD = NO;
				SUPPORTS_XR_DESIGNED_FOR_IPHONE_IPAD = NO;
				SWIFT_EMIT_LOC_STRINGS = YES;
				SWIFT_VERSION = 5.0;
				TARGETED_DEVICE_FAMILY = "1,2";
			};
			name = Release;
		};
/* End XCBuildConfiguration section */

/* Begin XCConfigurationList section */
		CE2B979A2CC0913300FF532F /* Build configuration list for PBXProject "zSwing" */ = {
			isa = XCConfigurationList;
			buildConfigurations = (
				CE2B97B12CC0913500FF532F /* Debug */,
				CE2B97B22CC0913500FF532F /* Release */,
			);
			defaultConfigurationIsVisible = 0;
			defaultConfigurationName = Release;
		};
		CE2B97B32CC0913500FF532F /* Build configuration list for PBXNativeTarget "zSwing" */ = {
			isa = XCConfigurationList;
			buildConfigurations = (
				CE2B97B42CC0913500FF532F /* Debug */,
				CE2B97B52CC0913500FF532F /* Release */,
			);
			defaultConfigurationIsVisible = 0;
			defaultConfigurationName = Release;
		};
/* End XCConfigurationList section */

/* Begin XCRemoteSwiftPackageReference section */
		CE2B97B62CC0F5BA00FF532F /* XCRemoteSwiftPackageReference "firebase-ios-sdk" */ = {
			isa = XCRemoteSwiftPackageReference;
			repositoryURL = "https://github.com/firebase/firebase-ios-sdk";
			requirement = {
				kind = upToNextMajorVersion;
				minimumVersion = 11.3.0;
			};
		};
		CE2B97BF2CC0F9EB00FF532F /* XCRemoteSwiftPackageReference "GoogleSignIn-iOS" */ = {
			isa = XCRemoteSwiftPackageReference;
			repositoryURL = "https://github.com/google/GoogleSignIn-iOS";
			requirement = {
				kind = upToNextMajorVersion;
				minimumVersion = 8.0.0;
			};
		};
		CE2B97C82CC0FF7900FF532F /* XCRemoteSwiftPackageReference "kakao-ios-sdk" */ = {
			isa = XCRemoteSwiftPackageReference;
			repositoryURL = "https://github.com/kakao/kakao-ios-sdk.git";
			requirement = {
				kind = upToNextMajorVersion;
				minimumVersion = 2.23.0;
			};
		};
		CEDF13B32CD9F6B50090D9CE /* XCRemoteSwiftPackageReference "RxSwift" */ = {
			isa = XCRemoteSwiftPackageReference;
			repositoryURL = "https://github.com/ReactiveX/RxSwift.git";
			requirement = {
				kind = upToNextMajorVersion;
				minimumVersion = 6.8.0;
			};
		};
/* End XCRemoteSwiftPackageReference section */

/* Begin XCSwiftPackageProductDependency section */
		CE2B97B72CC0F5BA00FF532F /* FirebaseAuth */ = {
			isa = XCSwiftPackageProductDependency;
			package = CE2B97B62CC0F5BA00FF532F /* XCRemoteSwiftPackageReference "firebase-ios-sdk" */;
			productName = FirebaseAuth;
		};
		CE2B97B92CC0F5BA00FF532F /* FirebaseFirestore */ = {
			isa = XCSwiftPackageProductDependency;
			package = CE2B97B62CC0F5BA00FF532F /* XCRemoteSwiftPackageReference "firebase-ios-sdk" */;
			productName = FirebaseFirestore;
		};
		CE2B97BB2CC0F5BA00FF532F /* FirebaseStorage */ = {
			isa = XCSwiftPackageProductDependency;
			package = CE2B97B62CC0F5BA00FF532F /* XCRemoteSwiftPackageReference "firebase-ios-sdk" */;
			productName = FirebaseStorage;
		};
		CE2B97C02CC0F9EB00FF532F /* GoogleSignIn */ = {
			isa = XCSwiftPackageProductDependency;
			package = CE2B97BF2CC0F9EB00FF532F /* XCRemoteSwiftPackageReference "GoogleSignIn-iOS" */;
			productName = GoogleSignIn;
		};
		CE2B97C22CC0F9EB00FF532F /* GoogleSignInSwift */ = {
			isa = XCSwiftPackageProductDependency;
			package = CE2B97BF2CC0F9EB00FF532F /* XCRemoteSwiftPackageReference "GoogleSignIn-iOS" */;
			productName = GoogleSignInSwift;
		};
		CE2B97C92CC0FF7900FF532F /* KakaoSDK */ = {
			isa = XCSwiftPackageProductDependency;
			package = CE2B97C82CC0FF7900FF532F /* XCRemoteSwiftPackageReference "kakao-ios-sdk" */;
			productName = KakaoSDK;
		};
		CE2B97CB2CC0FF7900FF532F /* KakaoSDKAuth */ = {
			isa = XCSwiftPackageProductDependency;
			package = CE2B97C82CC0FF7900FF532F /* XCRemoteSwiftPackageReference "kakao-ios-sdk" */;
			productName = KakaoSDKAuth;
		};
		CE2B97CD2CC0FF7900FF532F /* KakaoSDKUser */ = {
			isa = XCSwiftPackageProductDependency;
			package = CE2B97C82CC0FF7900FF532F /* XCRemoteSwiftPackageReference "kakao-ios-sdk" */;
			productName = KakaoSDKUser;
		};
		CEDF13B42CD9F6B50090D9CE /* RxCocoa */ = {
			isa = XCSwiftPackageProductDependency;
			package = CEDF13B32CD9F6B50090D9CE /* XCRemoteSwiftPackageReference "RxSwift" */;
			productName = RxCocoa;
		};
		CEDF13B62CD9F6B50090D9CE /* RxSwift */ = {
			isa = XCSwiftPackageProductDependency;
			package = CEDF13B32CD9F6B50090D9CE /* XCRemoteSwiftPackageReference "RxSwift" */;
			productName = RxSwift;
		};
/* End XCSwiftPackageProductDependency section */
	};
	rootObject = CE2B97972CC0913300FF532F /* Project object */;
}
